
Microsoft Visual Studio Solution File, Format Version 12.00
# Visual Studio 14
VisualStudioVersion = 14.0.25420.1
MinimumVisualStudioVersion = 10.0.40219.1
Project("{FAE04EC0-301F-11D3-BF4B-00C04F79EFBC}") = "KodTabla", "KodTabla\KodTabla.csproj", "{C71B637B-7A88-4FD7-A034-3BCF77CF2843}"
EndProject
Global
	GlobalSection(SolutionConfigurationPlatforms) = preSolution
		Debug|Any CPU = Debug|Any CPU
		Debug|x86 = Debug|x86
		Release|Any CPU = Release|Any CPU
		Release|x86 = Release|x86
	EndGlobalSection
	GlobalSection(ProjectConfigurationPlatforms) = postSolution
		{C71B637B-7A88-4FD7-A034-3BCF77CF2843}.Debug|Any CPU.ActiveCfg = Debug|Any CPU
		{C71B637B-7A88-4FD7-A034-3BCF77CF2843}.Debug|Any CPU.Build.0 = Debug|Any CPU
		{C71B637B-7A88-4FD7-A034-3BCF77CF2843}.Debug|x86.ActiveCfg = Debug|x86
		{C71B637B-7A88-4FD7-A034-3BCF77CF2843}.Debug|x86.Build.0 = Debug|x86
		{C71B637B-7A88-4FD7-A034-3BCF77CF2843}.Release|Any CPU.ActiveCfg = Release|Any CPU
		{C71B637B-7A88-4FD7-A034-3BCF77CF2843}.Release|Any CPU.Build.0 = Release|Any CPU
		{C71B637B-7A88-4FD7-A034-3BCF77CF2843}.Release|x86.ActiveCfg = Release|x86
		{C71B637B-7A88-4FD7-A034-3BCF77CF2843}.Release|x86.Build.0 = Release|x86
	EndGlobalSection
	GlobalSection(SolutionProperties) = preSolution
		HideSolutionNode = FALSE
	EndGlobalSection
	GlobalSection(ExtensibilityGlobals) = postSolution
		SolutionGuid = {FD01D59B-6489-425A-A457-48BFF90CA851}
	EndGlobalSection
EndGlobal
